
Microsoft Visual Studio Solution File, Format Version 12.00
# Visual Studio Version 17
VisualStudioVersion = 17.1.32210.238
MinimumVisualStudioVersion = 10.0.40219.1
Project("{9A19103F-16F7-4668-BE54-9A1E7A4F7556}") = "ToDoListWASM.Server", "ToDoListWASM\Server\ToDoListWASM.Server.csproj", "{CDBC8F09-7797-469E-8F43-4F0D3F8613BD}"
EndProject
Project("{9A19103F-16F7-4668-BE54-9A1E7A4F7556}") = "ToDoListWASM.Client", "ToDoListWASM\Client\ToDoListWASM.Client.csproj", "{921403CB-DA22-43C9-9A0B-6057930A4E80}"
EndProject
Project("{9A19103F-16F7-4668-BE54-9A1E7A4F7556}") = "ToDoListWASM.Shared", "ToDoListWASM\Shared\ToDoListWASM.Shared.csproj", "{DCF12D20-33DD-45C6-A9C5-28DB3AB97BAD}"
EndProject
Project("{9A19103F-16F7-4668-BE54-9A1E7A4F7556}") = "DataAccess", "..\DataAccess\DataAccess.csproj", "{7D5413AB-8ED9-4B71-9D6C-6A9B1010FCB7}"
EndProject
Global
	GlobalSection(SolutionConfigurationPlatforms) = preSolution
		Debug|Any CPU = Debug|Any CPU
		Release|Any CPU = Release|Any CPU
	EndGlobalSection
	GlobalSection(ProjectConfigurationPlatforms) = postSolution
		{CDBC8F09-7797-469E-8F43-4F0D3F8613BD}.Debug|Any CPU.ActiveCfg = Debug|Any CPU
		{CDBC8F09-7797-469E-8F43-4F0D3F8613BD}.Debug|Any CPU.Build.0 = Debug|Any CPU
		{CDBC8F09-7797-469E-8F43-4F0D3F8613BD}.Release|Any CPU.ActiveCfg = Release|Any CPU
		{CDBC8F09-7797-469E-8F43-4F0D3F8613BD}.Release|Any CPU.Build.0 = Release|Any CPU
		{921403CB-DA22-43C9-9A0B-6057930A4E80}.Debug|Any CPU.ActiveCfg = Debug|Any CPU
		{921403CB-DA22-43C9-9A0B-6057930A4E80}.Debug|Any CPU.Build.0 = Debug|Any CPU
		{921403CB-DA22-43C9-9A0B-6057930A4E80}.Release|Any CPU.ActiveCfg = Release|Any CPU
		{921403CB-DA22-43C9-9A0B-6057930A4E80}.Release|Any CPU.Build.0 = Release|Any CPU
		{DCF12D20-33DD-45C6-A9C5-28DB3AB97BAD}.Debug|Any CPU.ActiveCfg = Debug|Any CPU
		{DCF12D20-33DD-45C6-A9C5-28DB3AB97BAD}.Debug|Any CPU.Build.0 = Debug|Any CPU
		{DCF12D20-33DD-45C6-A9C5-28DB3AB97BAD}.Release|Any CPU.ActiveCfg = Release|Any CPU
		{DCF12D20-33DD-45C6-A9C5-28DB3AB97BAD}.Release|Any CPU.Build.0 = Release|Any CPU
		{7D5413AB-8ED9-4B71-9D6C-6A9B1010FCB7}.Debug|Any CPU.ActiveCfg = Debug|Any CPU
		{7D5413AB-8ED9-4B71-9D6C-6A9B1010FCB7}.Debug|Any CPU.Build.0 = Debug|Any CPU
		{7D5413AB-8ED9-4B71-9D6C-6A9B1010FCB7}.Release|Any CPU.ActiveCfg = Release|Any CPU
		{7D5413AB-8ED9-4B71-9D6C-6A9B1010FCB7}.Release|Any CPU.Build.0 = Release|Any CPU
	EndGlobalSection
	GlobalSection(SolutionProperties) = preSolution
		HideSolutionNode = FALSE
	EndGlobalSection
	GlobalSection(ExtensibilityGlobals) = postSolution
		SolutionGuid = {AAE9F6FF-83B2-4DD1-ADAF-954BE55B2513}
	EndGlobalSection
EndGlobal
