
Microsoft Visual Studio Solution File, Format Version 12.00
# Visual Studio Version 17
VisualStudioVersion = 17.1.32210.238
MinimumVisualStudioVersion = 10.0.40219.1
Project("{FAE04EC0-301F-11D3-BF4B-00C04F79EFBC}") = "BlazorWASMAuth.Server", "BlazorWASMAuth\Server\BlazorWASMAuth.Server.csproj", "{C54375FA-37E3-4E79-B0D4-D1199A24FAED}"
EndProject
Project("{FAE04EC0-301F-11D3-BF4B-00C04F79EFBC}") = "BlazorWASMAuth.Client", "BlazorWASMAuth\Client\BlazorWASMAuth.Client.csproj", "{5D5A69DF-7F7C-4972-BA5A-162FC31AF5F3}"
EndProject
Project("{FAE04EC0-301F-11D3-BF4B-00C04F79EFBC}") = "BlazorWASMAuth.Shared", "BlazorWASMAuth\Shared\BlazorWASMAuth.Shared.csproj", "{669D606F-E8C2-4111-AE52-DB79C9232000}"
EndProject
Global
	GlobalSection(SolutionConfigurationPlatforms) = preSolution
		Debug|Any CPU = Debug|Any CPU
		Release|Any CPU = Release|Any CPU
	EndGlobalSection
	GlobalSection(ProjectConfigurationPlatforms) = postSolution
		{C54375FA-37E3-4E79-B0D4-D1199A24FAED}.Debug|Any CPU.ActiveCfg = Debug|Any CPU
		{C54375FA-37E3-4E79-B0D4-D1199A24FAED}.Debug|Any CPU.Build.0 = Debug|Any CPU
		{C54375FA-37E3-4E79-B0D4-D1199A24FAED}.Release|Any CPU.ActiveCfg = Release|Any CPU
		{C54375FA-37E3-4E79-B0D4-D1199A24FAED}.Release|Any CPU.Build.0 = Release|Any CPU
		{5D5A69DF-7F7C-4972-BA5A-162FC31AF5F3}.Debug|Any CPU.ActiveCfg = Debug|Any CPU
		{5D5A69DF-7F7C-4972-BA5A-162FC31AF5F3}.Debug|Any CPU.Build.0 = Debug|Any CPU
		{5D5A69DF-7F7C-4972-BA5A-162FC31AF5F3}.Release|Any CPU.ActiveCfg = Release|Any CPU
		{5D5A69DF-7F7C-4972-BA5A-162FC31AF5F3}.Release|Any CPU.Build.0 = Release|Any CPU
		{669D606F-E8C2-4111-AE52-DB79C9232000}.Debug|Any CPU.ActiveCfg = Debug|Any CPU
		{669D606F-E8C2-4111-AE52-DB79C9232000}.Debug|Any CPU.Build.0 = Debug|Any CPU
		{669D606F-E8C2-4111-AE52-DB79C9232000}.Release|Any CPU.ActiveCfg = Release|Any CPU
		{669D606F-E8C2-4111-AE52-DB79C9232000}.Release|Any CPU.Build.0 = Release|Any CPU
	EndGlobalSection
	GlobalSection(SolutionProperties) = preSolution
		HideSolutionNode = FALSE
	EndGlobalSection
	GlobalSection(ExtensibilityGlobals) = postSolution
		SolutionGuid = {3BAA7DA4-92A8-40F5-B909-496B290C09EC}
	EndGlobalSection
EndGlobal
